
Microsoft Visual Studio Solution File, Format Version 12.00
# Visual Studio Version 17
VisualStudioVersion = 17.11.35303.130
MinimumVisualStudioVersion = 10.0.40219.1
Project("{FAE04EC0-301F-11D3-BF4B-00C04F79EFBC}") = "GeckoMarket", "GeckoMarket\GeckoMarket.csproj", "{90E16A91-EB97-4DC5-AD47-63EA5823E861}"
EndProject
Global
	GlobalSection(SolutionConfigurationPlatforms) = preSolution
		Debug|Any CPU = Debug|Any CPU
		Release|Any CPU = Release|Any CPU
	EndGlobalSection
	GlobalSection(ProjectConfigurationPlatforms) = postSolution
		{90E16A91-EB97-4DC5-AD47-63EA5823E861}.Debug|Any CPU.ActiveCfg = Debug|Any CPU
		{90E16A91-EB97-4DC5-AD47-63EA5823E861}.Debug|Any CPU.Build.0 = Debug|Any CPU
		{90E16A91-EB97-4DC5-AD47-63EA5823E861}.Release|Any CPU.ActiveCfg = Release|Any CPU
		{90E16A91-EB97-4DC5-AD47-63EA5823E861}.Release|Any CPU.Build.0 = Release|Any CPU
	EndGlobalSection
	GlobalSection(SolutionProperties) = preSolution
		HideSolutionNode = FALSE
	EndGlobalSection
	GlobalSection(ExtensibilityGlobals) = postSolution
		SolutionGuid = {516B4E33-BC31-45D8-B19C-1D2113026C2B}
	EndGlobalSection
EndGlobal
