
Microsoft Visual Studio Solution File, Format Version 12.00
# Visual Studio Version 17
VisualStudioVersion = 17.6.33815.320
MinimumVisualStudioVersion = 10.0.40219.1
Project("{FAE04EC0-301F-11D3-BF4B-00C04F79EFBC}") = "LibraryApp", "LibraryApp\LibraryApp.csproj", "{AB156444-2CA2-4C6A-93D7-FE4864DA5D06}"
EndProject
Global
	GlobalSection(SolutionConfigurationPlatforms) = preSolution
		Debug|Any CPU = Debug|Any CPU
		Release|Any CPU = Release|Any CPU
	EndGlobalSection
	GlobalSection(ProjectConfigurationPlatforms) = postSolution
		{AB156444-2CA2-4C6A-93D7-FE4864DA5D06}.Debug|Any CPU.ActiveCfg = Debug|Any CPU
		{AB156444-2CA2-4C6A-93D7-FE4864DA5D06}.Debug|Any CPU.Build.0 = Debug|Any CPU
		{AB156444-2CA2-4C6A-93D7-FE4864DA5D06}.Release|Any CPU.ActiveCfg = Release|Any CPU
		{AB156444-2CA2-4C6A-93D7-FE4864DA5D06}.Release|Any CPU.Build.0 = Release|Any CPU
	EndGlobalSection
	GlobalSection(SolutionProperties) = preSolution
		HideSolutionNode = FALSE
	EndGlobalSection
	GlobalSection(ExtensibilityGlobals) = postSolution
		SolutionGuid = {9615D8F3-523A-4CCA-8C7E-18A6A737C95B}
	EndGlobalSection
EndGlobal
