
Microsoft Visual Studio Solution File, Format Version 12.00
# Visual Studio Version 17
VisualStudioVersion = 17.7.34024.191
MinimumVisualStudioVersion = 10.0.40219.1
Project("{FAE04EC0-301F-11D3-BF4B-00C04F79EFBC}") = "CalculatorAppWPF", "CalculatorAppWPF\CalculatorAppWPF.csproj", "{CFCE1727-B145-4CE1-8A43-D342832AF4C3}"
EndProject
Global
	GlobalSection(SolutionConfigurationPlatforms) = preSolution
		Debug|Any CPU = Debug|Any CPU
		Release|Any CPU = Release|Any CPU
	EndGlobalSection
	GlobalSection(ProjectConfigurationPlatforms) = postSolution
		{CFCE1727-B145-4CE1-8A43-D342832AF4C3}.Debug|Any CPU.ActiveCfg = Debug|Any CPU
		{CFCE1727-B145-4CE1-8A43-D342832AF4C3}.Debug|Any CPU.Build.0 = Debug|Any CPU
		{CFCE1727-B145-4CE1-8A43-D342832AF4C3}.Release|Any CPU.ActiveCfg = Release|Any CPU
		{CFCE1727-B145-4CE1-8A43-D342832AF4C3}.Release|Any CPU.Build.0 = Release|Any CPU
	EndGlobalSection
	GlobalSection(SolutionProperties) = preSolution
		HideSolutionNode = FALSE
	EndGlobalSection
	GlobalSection(ExtensibilityGlobals) = postSolution
		SolutionGuid = {F070F43B-21FF-4DEB-8585-11E1029AB544}
	EndGlobalSection
EndGlobal
