
Microsoft Visual Studio Solution File, Format Version 12.00
# Visual Studio Version 17
VisualStudioVersion = 17.11.35303.130
MinimumVisualStudioVersion = 10.0.40219.1
Project("{FAE04EC0-301F-11D3-BF4B-00C04F79EFBC}") = "СonsoleGemiteconicsCalculator", "СonsoleGemiteconicsCalculator\СonsoleGemiteconicsCalculator.csproj", "{C7243857-6043-47F4-A8ED-1CA0D65CD0ED}"
EndProject
Global
	GlobalSection(SolutionConfigurationPlatforms) = preSolution
		Debug|Any CPU = Debug|Any CPU
		Release|Any CPU = Release|Any CPU
	EndGlobalSection
	GlobalSection(ProjectConfigurationPlatforms) = postSolution
		{C7243857-6043-47F4-A8ED-1CA0D65CD0ED}.Debug|Any CPU.ActiveCfg = Debug|Any CPU
		{C7243857-6043-47F4-A8ED-1CA0D65CD0ED}.Debug|Any CPU.Build.0 = Debug|Any CPU
		{C7243857-6043-47F4-A8ED-1CA0D65CD0ED}.Release|Any CPU.ActiveCfg = Release|Any CPU
		{C7243857-6043-47F4-A8ED-1CA0D65CD0ED}.Release|Any CPU.Build.0 = Release|Any CPU
	EndGlobalSection
	GlobalSection(SolutionProperties) = preSolution
		HideSolutionNode = FALSE
	EndGlobalSection
	GlobalSection(ExtensibilityGlobals) = postSolution
		SolutionGuid = {C50A7E56-7EC9-4EEA-9407-8AC23428B4D1}
	EndGlobalSection
EndGlobal
